
Microsoft Visual Studio Solution File, Format Version 12.00
# Visual Studio 14
VisualStudioVersion = 14.0.25420.1
MinimumVisualStudioVersion = 10.0.40219.1
Project("{FAE04EC0-301F-11D3-BF4B-00C04F79EFBC}") = "Ddd.Logic", "Ddd.Logic\Ddd.Logic.csproj", "{83E41EA2-F19B-4164-8A39-7A0B8B3D5359}"
EndProject
Project("{FAE04EC0-301F-11D3-BF4B-00C04F79EFBC}") = "Ddd.Tests", "Ddd.Tests\Ddd.Tests.csproj", "{8A1D02F1-F9DC-409E-AAE6-3D3FCECC4560}"
EndProject
Global
	GlobalSection(SolutionConfigurationPlatforms) = preSolution
		Debug|Any CPU = Debug|Any CPU
		Release|Any CPU = Release|Any CPU
	EndGlobalSection
	GlobalSection(ProjectConfigurationPlatforms) = postSolution
		{83E41EA2-F19B-4164-8A39-7A0B8B3D5359}.Debug|Any CPU.ActiveCfg = Debug|Any CPU
		{83E41EA2-F19B-4164-8A39-7A0B8B3D5359}.Debug|Any CPU.Build.0 = Debug|Any CPU
		{83E41EA2-F19B-4164-8A39-7A0B8B3D5359}.Release|Any CPU.ActiveCfg = Release|Any CPU
		{83E41EA2-F19B-4164-8A39-7A0B8B3D5359}.Release|Any CPU.Build.0 = Release|Any CPU
		{8A1D02F1-F9DC-409E-AAE6-3D3FCECC4560}.Debug|Any CPU.ActiveCfg = Debug|Any CPU
		{8A1D02F1-F9DC-409E-AAE6-3D3FCECC4560}.Debug|Any CPU.Build.0 = Debug|Any CPU
		{8A1D02F1-F9DC-409E-AAE6-3D3FCECC4560}.Release|Any CPU.ActiveCfg = Release|Any CPU
		{8A1D02F1-F9DC-409E-AAE6-3D3FCECC4560}.Release|Any CPU.Build.0 = Release|Any CPU
	EndGlobalSection
	GlobalSection(SolutionProperties) = preSolution
		HideSolutionNode = FALSE
	EndGlobalSection
EndGlobal
